{
  "name": "cucuwiki",
  "lockfileVersion": 2,
  "requires": true,
  "packages": {
    "": {
      "name": "cucuwiki",
      "dependencies": {
        "@types/dompurify": "^2.3.4",
        "@types/marked": "^4.0.6",
        "dompurify": "^2.4.0",
        "marked": "^4.1.0",
        "typescript": "^4.7"
      }
    },
    "node_modules/@types/dompurify": {
      "version": "2.3.4",
      "resolved": "https://registry.npmjs.org/@types/dompurify/-/dompurify-2.3.4.tgz",
      "integrity": "sha512-EXzDatIb5EspL2eb/xPGmaC8pePcTHrkDCONjeisusLFrVfl38Pjea/R0YJGu3k9ZQadSvMqW0WXPI2hEo2Ajg==",
      "dependencies": {
        "@types/trusted-types": "*"
      }
    },
    "node_modules/@types/marked": {
      "version": "4.0.6",
      "resolved": "https://registry.npmjs.org/@types/marked/-/marked-4.0.6.tgz",
      "integrity": "sha512-ITAVUzsnVbhy5afxhs4PPPbrv2hKVEDH5BhhaQNQlVG0UNu+9A18XSdYr53nBdHZ0ADEQLl+ciOjXbs7eHdiQQ=="
    },
    "node_modules/@types/trusted-types": {
      "version": "2.0.2",
      "resolved": "https://registry.npmjs.org/@types/trusted-types/-/trusted-types-2.0.2.tgz",
      "integrity": "sha512-F5DIZ36YVLE+PN+Zwws4kJogq47hNgX3Nx6WyDJ3kcplxyke3XIzB8uK5n/Lpm1HBsbGzd6nmGehL8cPekP+Tg=="
    },
    "node_modules/dompurify": {
      "version": "2.4.0",
      "resolved": "https://registry.npmjs.org/dompurify/-/dompurify-2.4.0.tgz",
      "integrity": "sha512-Be9tbQMZds4a3C6xTmz68NlMfeONA//4dOavl/1rNw50E+/QO0KVpbcU0PcaW0nsQxurXls9ZocqFxk8R2mWEA=="
    },
    "node_modules/marked": {
      "version": "4.1.0",
      "resolved": "https://registry.npmjs.org/marked/-/marked-4.1.0.tgz",
      "integrity": "sha512-+Z6KDjSPa6/723PQYyc1axYZpYYpDnECDaU6hkaf5gqBieBkMKYReL5hteF2QizhlMbgbo8umXl/clZ67+GlsA==",
      "bin": {
        "marked": "bin/marked.js"
      },
      "engines": {
        "node": ">= 12"
      }
    },
    "node_modules/typescript": {
      "version": "4.8.2",
      "resolved": "https://registry.npmjs.org/typescript/-/typescript-4.8.2.tgz",
      "integrity": "sha512-C0I1UsrrDHo2fYI5oaCGbSejwX4ch+9Y5jTQELvovfmFkK3HHSZJB8MSJcWLmCUBzQBchCrZ9rMRV6GuNrvGtw==",
      "bin": {
        "tsc": "bin/tsc",
        "tsserver": "bin/tsserver"
      },
      "engines": {
        "node": ">=4.2.0"
      }
    }
  },
  "dependencies": {
    "@types/dompurify": {
      "version": "2.3.4",
      "resolved": "https://registry.npmjs.org/@types/dompurify/-/dompurify-2.3.4.tgz",
      "integrity": "sha512-EXzDatIb5EspL2eb/xPGmaC8pePcTHrkDCONjeisusLFrVfl38Pjea/R0YJGu3k9ZQadSvMqW0WXPI2hEo2Ajg==",
      "requires": {
        "@types/trusted-types": "*"
      }
    },
    "@types/marked": {
      "version": "4.0.6",
      "resolved": "https://registry.npmjs.org/@types/marked/-/marked-4.0.6.tgz",
      "integrity": "sha512-ITAVUzsnVbhy5afxhs4PPPbrv2hKVEDH5BhhaQNQlVG0UNu+9A18XSdYr53nBdHZ0ADEQLl+ciOjXbs7eHdiQQ=="
    },
    "@types/trusted-types": {
      "version": "2.0.2",
      "resolved": "https://registry.npmjs.org/@types/trusted-types/-/trusted-types-2.0.2.tgz",
      "integrity": "sha512-F5DIZ36YVLE+PN+Zwws4kJogq47hNgX3Nx6WyDJ3kcplxyke3XIzB8uK5n/Lpm1HBsbGzd6nmGehL8cPekP+Tg=="
    },
    "dompurify": {
      "version": "2.4.0",
      "resolved": "https://registry.npmjs.org/dompurify/-/dompurify-2.4.0.tgz",
      "integrity": "sha512-Be9tbQMZds4a3C6xTmz68NlMfeONA//4dOavl/1rNw50E+/QO0KVpbcU0PcaW0nsQxurXls9ZocqFxk8R2mWEA=="
    },
    "marked": {
      "version": "4.1.0",
      "resolved": "https://registry.npmjs.org/marked/-/marked-4.1.0.tgz",
      "integrity": "sha512-+Z6KDjSPa6/723PQYyc1axYZpYYpDnECDaU6hkaf5gqBieBkMKYReL5hteF2QizhlMbgbo8umXl/clZ67+GlsA=="
    },
    "typescript": {
      "version": "4.8.2",
      "resolved": "https://registry.npmjs.org/typescript/-/typescript-4.8.2.tgz",
      "integrity": "sha512-C0I1UsrrDHo2fYI5oaCGbSejwX4ch+9Y5jTQELvovfmFkK3HHSZJB8MSJcWLmCUBzQBchCrZ9rMRV6GuNrvGtw=="
    }
  }
}
